<Solution>
  <Folder Name="/src/" />
  <Folder Name="/src/hosts/">
    <Project Path="src/KhaiKang.Api/KhaiKang.Api.csproj" />
    <Project Path="src/KhaiKang.Worker/KhaiKang.Worker.csproj" />
  </Folder>
  <Folder Name="/src/common/">
    <Project Path="src/common/KhaiKang.CommonUtils.Web/KhaiKang.CommonUtils.Web.csproj" />
    <Project Path="src/common/KhaiKang.CommonUtils/KhaiKang.CommonUtils.csproj" />
  </Folder>
  <Folder Name="/src/modules/">
    <Project Path="src/modules/KhaiKang.Modules.Identity/KhaiKang.Modules.Identity.csproj" />
    <Project Path="src/modules/KhaiKang.Modules.ProjectManagement/KhaiKang.Modules.ProjectManagement.csproj" />
  </Folder>
  <Folder Name="/tests/integration/">
    <Project Path="tests/integration/KhaiKang.Api.IntegrationTests/KhaiKang.Api.IntegrationTests.csproj" />
  </Folder>
  <Folder Name="/tests/unit/">
    <Project Path="tests/unit/KhaiKang.Domain.UnitTests/KhaiKang.Domain.UnitTests.csproj" />
  </Folder>
</Solution>
